<?xml version="1.0" encoding="utf-8"?>
<Project ToolsVersion="4.0" xmlns="http://schemas.microsoft.com/developer/msbuild/2003">
  <ItemGroup>
    <ClCompile Include="main.cpp" />
    <ClCompile Include="test.pb.cc" />
    <ClCompile Include="..\common\fxmeta.cpp">
      <Filter>common</Filter>
    </ClCompile>
    <ClCompile Include="..\common\fxtimer.cpp">
      <Filter>common</Filter>
    </ClCompile>
    <ClCompile Include="..\common\log_thread.cpp">
      <Filter>common</Filter>
    </ClCompile>
    <ClCompile Include="..\common\thread.cpp">
      <Filter>common</Filter>
    </ClCompile>
    <ClCompile Include="..\common\exception_dump.cpp">
      <Filter>common</Filter>
    </ClCompile>
    <ClCompile Include="..\common\segvcatch.cpp">
      <Filter>common</Filter>
    </ClCompile>
    <ClCompile Include="proto_dispatcher.cpp">
      <Filter>common</Filter>
    </ClCompile>
    <ClCompile Include="..\common\share_memory.cpp">
      <Filter>common</Filter>
    </ClCompile>
    <ClCompile Include="..\common\utility.cpp">
      <Filter>common</Filter>
    </ClCompile>
  </ItemGroup>
  <ItemGroup>
    <ClInclude Include="test.pb.h" />
  </ItemGroup>
  <ItemGroup>
    <Filter Include="common">
      <UniqueIdentifier>{c22353d3-4487-4bb2-990f-5027e0d26c7e}</UniqueIdentifier>
    </Filter>
  </ItemGroup>
</Project>