
Microsoft Visual Studio Solution File, Format Version 12.00
# Visual Studio 14
VisualStudioVersion = 14.0.25123.0
MinimumVisualStudioVersion = 10.0.40219.1
Project("{8BC9CEB8-8B4A-11D0-8D11-00A0C91BC942}") = "Net", "Net\Net.vcxproj", "{5F97E034-3D07-4FCE-9A0D-410661E3C32A}"
EndProject
Project("{8BC9CEB8-8B4A-11D0-8D11-00A0C91BC942}") = "TestClient", "TestClient\TestClient.vcxproj", "{F219DD61-2183-48CD-AD7A-07C8AD9C3501}"
	ProjectSection(ProjectDependencies) = postProject
		{5F97E034-3D07-4FCE-9A0D-410661E3C32A} = {5F97E034-3D07-4FCE-9A0D-410661E3C32A}
	EndProjectSection
EndProject
Project("{8BC9CEB8-8B4A-11D0-8D11-00A0C91BC942}") = "TestServer", "TestServer\TestServer.vcxproj", "{BA42325F-F9F3-40AC-9BA4-9D148DD415FC}"
EndProject
Project("{8BC9CEB8-8B4A-11D0-8D11-00A0C91BC942}") = "LuaLib", "LuaLib\LuaLib.vcxproj", "{EA521660-35B5-4C46-8AA0-545C78441734}"
EndProject
Project("{8BC9CEB8-8B4A-11D0-8D11-00A0C91BC942}") = "LuaTest", "LuaTest\LuaTest.vcxproj", "{7D71A81E-6C84-4E8D-A7BE-10069AABB54B}"
EndProject
Project("{8BC9CEB8-8B4A-11D0-8D11-00A0C91BC942}") = "Database", "Database\Database.vcxproj", "{80844BDA-1F06-4850-83A8-DCAB973131BA}"
EndProject
Project("{8BC9CEB8-8B4A-11D0-8D11-00A0C91BC942}") = "ChatServer", "ChatServer\ChatServer.vcxproj", "{27BE56EE-9E4F-483F-A3D1-FF62ABDB5C7F}"
EndProject
Project("{8BC9CEB8-8B4A-11D0-8D11-00A0C91BC942}") = "GameServer", "GameServer\GameServer.vcxproj", "{0D21F42D-19A9-426F-BDBC-A44D05D98467}"
EndProject
Project("{8BC9CEB8-8B4A-11D0-8D11-00A0C91BC942}") = "ChatServerManager", "ChatServerManager\ChatServerManager.vcxproj", "{6E2B00BC-8E31-4038-BB85-C0E7295F8F5A}"
EndProject
Project("{8BC9CEB8-8B4A-11D0-8D11-00A0C91BC942}") = "RedisCon", "RedisCon\RedisCon.vcxproj", "{E46B34D1-23FF-434D-AD85-DF5E0ED821F4}"
EndProject
Project("{8BC9CEB8-8B4A-11D0-8D11-00A0C91BC942}") = "RerdisTest", "RedisTest\RedisTest.vcxproj", "{A5520A3C-2313-45F9-8D3B-AE05DB595AC0}"
EndProject
Project("{8BC9CEB8-8B4A-11D0-8D11-00A0C91BC942}") = "TestProto", "TestProto\TestProto.vcxproj", "{3F11C56C-F062-4C3A-987B-BE6929F4A7BF}"
EndProject
Project("{8BC9CEB8-8B4A-11D0-8D11-00A0C91BC942}") = "WebGame", "WebGame\WebGame.vcxproj", "{F0817D48-7560-4349-BE6A-3264457DD980}"
EndProject
Project("{8BC9CEB8-8B4A-11D0-8D11-00A0C91BC942}") = "WebGameManager", "WebGameManager\WebGameManager.vcxproj", "{1ACA1AD4-A4A7-4F50-890E-180262BF109D}"
EndProject
Project("{2150E333-8FDC-42A3-9474-1A3956D46DE8}") = "Lib", "Lib", "{125E8610-3875-4CAC-A54E-1CBD717898DA}"
EndProject
Project("{8BC9CEB8-8B4A-11D0-8D11-00A0C91BC942}") = "UrlRequest", "UrlRequest\UrlRequest.vcxproj", "{63D394ED-28A8-4AA0-BBB5-BC7A3EE463B3}"
EndProject
Project("{8BC9CEB8-8B4A-11D0-8D11-00A0C91BC942}") = "CurlTest", "CurlTest\CurlTest.vcxproj", "{C26F7EBD-165C-4107-AA12-30271A8706A7}"
EndProject
Project("{8BC9CEB8-8B4A-11D0-8D11-00A0C91BC942}") = "WebGameLogin", "WebGameLogin\WebGameLogin.vcxproj", "{EB21C203-95D0-4BE1-B4FD-72A41F08D026}"
EndProject
Project("{2150E333-8FDC-42A3-9474-1A3956D46DE8}") = "Chat", "Chat", "{3C103923-B14F-4CA0-AED7-A0C52BCDA272}"
EndProject
Project("{2150E333-8FDC-42A3-9474-1A3956D46DE8}") = "WebGameGroup", "WebGameGroup", "{3AD657D7-06B5-4500-972C-09435B2DCDAA}"
	ProjectSection(SolutionItems) = preProject
		ReadMe.txt = ReadMe.txt
	EndProjectSection
EndProject
Project("{8BC9CEB8-8B4A-11D0-8D11-00A0C91BC942}") = "WebGameCenter", "WebGameCenter\WebGameCenter.vcxproj", "{F17F0ED9-26AE-4BA7-8857-4570430591AC}"
EndProject
Project("{8BC9CEB8-8B4A-11D0-8D11-00A0C91BC942}") = "WebGameTeam", "WebGameTeam\WebGameTeam.vcxproj", "{D346BE90-D375-4F89-BA46-2CB2DFDEFE02}"
EndProject
Global
	GlobalSection(SolutionConfigurationPlatforms) = preSolution
		Debug|Win32 = Debug|Win32
		Debug|x64 = Debug|x64
		Release|Win32 = Release|Win32
		Release|x64 = Release|x64
	EndGlobalSection
	GlobalSection(ProjectConfigurationPlatforms) = postSolution
		{5F97E034-3D07-4FCE-9A0D-410661E3C32A}.Debug|Win32.ActiveCfg = Debug|Win32
		{5F97E034-3D07-4FCE-9A0D-410661E3C32A}.Debug|Win32.Build.0 = Debug|Win32
		{5F97E034-3D07-4FCE-9A0D-410661E3C32A}.Debug|x64.ActiveCfg = Debug|x64
		{5F97E034-3D07-4FCE-9A0D-410661E3C32A}.Debug|x64.Build.0 = Debug|x64
		{5F97E034-3D07-4FCE-9A0D-410661E3C32A}.Release|Win32.ActiveCfg = Release|Win32
		{5F97E034-3D07-4FCE-9A0D-410661E3C32A}.Release|Win32.Build.0 = Release|Win32
		{5F97E034-3D07-4FCE-9A0D-410661E3C32A}.Release|x64.ActiveCfg = Release|Win32
		{F219DD61-2183-48CD-AD7A-07C8AD9C3501}.Debug|Win32.ActiveCfg = Debug|Win32
		{F219DD61-2183-48CD-AD7A-07C8AD9C3501}.Debug|Win32.Build.0 = Debug|Win32
		{F219DD61-2183-48CD-AD7A-07C8AD9C3501}.Debug|x64.ActiveCfg = Debug|x64
		{F219DD61-2183-48CD-AD7A-07C8AD9C3501}.Debug|x64.Build.0 = Debug|x64
		{F219DD61-2183-48CD-AD7A-07C8AD9C3501}.Release|Win32.ActiveCfg = Release|Win32
		{F219DD61-2183-48CD-AD7A-07C8AD9C3501}.Release|Win32.Build.0 = Release|Win32
		{F219DD61-2183-48CD-AD7A-07C8AD9C3501}.Release|x64.ActiveCfg = Release|Win32
		{BA42325F-F9F3-40AC-9BA4-9D148DD415FC}.Debug|Win32.ActiveCfg = Debug|Win32
		{BA42325F-F9F3-40AC-9BA4-9D148DD415FC}.Debug|Win32.Build.0 = Debug|Win32
		{BA42325F-F9F3-40AC-9BA4-9D148DD415FC}.Debug|x64.ActiveCfg = Debug|x64
		{BA42325F-F9F3-40AC-9BA4-9D148DD415FC}.Debug|x64.Build.0 = Debug|x64
		{BA42325F-F9F3-40AC-9BA4-9D148DD415FC}.Release|Win32.ActiveCfg = Release|Win32
		{BA42325F-F9F3-40AC-9BA4-9D148DD415FC}.Release|Win32.Build.0 = Release|Win32
		{BA42325F-F9F3-40AC-9BA4-9D148DD415FC}.Release|x64.ActiveCfg = Release|Win32
		{EA521660-35B5-4C46-8AA0-545C78441734}.Debug|Win32.ActiveCfg = Debug|Win32
		{EA521660-35B5-4C46-8AA0-545C78441734}.Debug|Win32.Build.0 = Debug|Win32
		{EA521660-35B5-4C46-8AA0-545C78441734}.Debug|x64.ActiveCfg = Debug|x64
		{EA521660-35B5-4C46-8AA0-545C78441734}.Debug|x64.Build.0 = Debug|x64
		{EA521660-35B5-4C46-8AA0-545C78441734}.Release|Win32.ActiveCfg = Release|Win32
		{EA521660-35B5-4C46-8AA0-545C78441734}.Release|Win32.Build.0 = Release|Win32
		{EA521660-35B5-4C46-8AA0-545C78441734}.Release|x64.ActiveCfg = Release|x64
		{EA521660-35B5-4C46-8AA0-545C78441734}.Release|x64.Build.0 = Release|x64
		{7D71A81E-6C84-4E8D-A7BE-10069AABB54B}.Debug|Win32.ActiveCfg = Debug|Win32
		{7D71A81E-6C84-4E8D-A7BE-10069AABB54B}.Debug|Win32.Build.0 = Debug|Win32
		{7D71A81E-6C84-4E8D-A7BE-10069AABB54B}.Debug|x64.ActiveCfg = Debug|x64
		{7D71A81E-6C84-4E8D-A7BE-10069AABB54B}.Debug|x64.Build.0 = Debug|x64
		{7D71A81E-6C84-4E8D-A7BE-10069AABB54B}.Release|Win32.ActiveCfg = Release|Win32
		{7D71A81E-6C84-4E8D-A7BE-10069AABB54B}.Release|Win32.Build.0 = Release|Win32
		{7D71A81E-6C84-4E8D-A7BE-10069AABB54B}.Release|x64.ActiveCfg = Release|x64
		{7D71A81E-6C84-4E8D-A7BE-10069AABB54B}.Release|x64.Build.0 = Release|x64
		{80844BDA-1F06-4850-83A8-DCAB973131BA}.Debug|Win32.ActiveCfg = Debug|Win32
		{80844BDA-1F06-4850-83A8-DCAB973131BA}.Debug|Win32.Build.0 = Debug|Win32
		{80844BDA-1F06-4850-83A8-DCAB973131BA}.Debug|x64.ActiveCfg = Debug|x64
		{80844BDA-1F06-4850-83A8-DCAB973131BA}.Debug|x64.Build.0 = Debug|x64
		{80844BDA-1F06-4850-83A8-DCAB973131BA}.Release|Win32.ActiveCfg = Release|Win32
		{80844BDA-1F06-4850-83A8-DCAB973131BA}.Release|Win32.Build.0 = Release|Win32
		{80844BDA-1F06-4850-83A8-DCAB973131BA}.Release|x64.ActiveCfg = Release|x64
		{80844BDA-1F06-4850-83A8-DCAB973131BA}.Release|x64.Build.0 = Release|x64
		{27BE56EE-9E4F-483F-A3D1-FF62ABDB5C7F}.Debug|Win32.ActiveCfg = Debug|Win32
		{27BE56EE-9E4F-483F-A3D1-FF62ABDB5C7F}.Debug|Win32.Build.0 = Debug|Win32
		{27BE56EE-9E4F-483F-A3D1-FF62ABDB5C7F}.Debug|x64.ActiveCfg = Debug|x64
		{27BE56EE-9E4F-483F-A3D1-FF62ABDB5C7F}.Debug|x64.Build.0 = Debug|x64
		{27BE56EE-9E4F-483F-A3D1-FF62ABDB5C7F}.Release|Win32.ActiveCfg = Release|Win32
		{27BE56EE-9E4F-483F-A3D1-FF62ABDB5C7F}.Release|Win32.Build.0 = Release|Win32
		{27BE56EE-9E4F-483F-A3D1-FF62ABDB5C7F}.Release|x64.ActiveCfg = Release|x64
		{27BE56EE-9E4F-483F-A3D1-FF62ABDB5C7F}.Release|x64.Build.0 = Release|x64
		{0D21F42D-19A9-426F-BDBC-A44D05D98467}.Debug|Win32.ActiveCfg = Debug|Win32
		{0D21F42D-19A9-426F-BDBC-A44D05D98467}.Debug|Win32.Build.0 = Debug|Win32
		{0D21F42D-19A9-426F-BDBC-A44D05D98467}.Debug|x64.ActiveCfg = Debug|x64
		{0D21F42D-19A9-426F-BDBC-A44D05D98467}.Debug|x64.Build.0 = Debug|x64
		{0D21F42D-19A9-426F-BDBC-A44D05D98467}.Release|Win32.ActiveCfg = Release|Win32
		{0D21F42D-19A9-426F-BDBC-A44D05D98467}.Release|Win32.Build.0 = Release|Win32
		{0D21F42D-19A9-426F-BDBC-A44D05D98467}.Release|x64.ActiveCfg = Release|x64
		{0D21F42D-19A9-426F-BDBC-A44D05D98467}.Release|x64.Build.0 = Release|x64
		{6E2B00BC-8E31-4038-BB85-C0E7295F8F5A}.Debug|Win32.ActiveCfg = Debug|Win32
		{6E2B00BC-8E31-4038-BB85-C0E7295F8F5A}.Debug|Win32.Build.0 = Debug|Win32
		{6E2B00BC-8E31-4038-BB85-C0E7295F8F5A}.Debug|x64.ActiveCfg = Debug|x64
		{6E2B00BC-8E31-4038-BB85-C0E7295F8F5A}.Debug|x64.Build.0 = Debug|x64
		{6E2B00BC-8E31-4038-BB85-C0E7295F8F5A}.Release|Win32.ActiveCfg = Release|Win32
		{6E2B00BC-8E31-4038-BB85-C0E7295F8F5A}.Release|Win32.Build.0 = Release|Win32
		{6E2B00BC-8E31-4038-BB85-C0E7295F8F5A}.Release|x64.ActiveCfg = Release|x64
		{6E2B00BC-8E31-4038-BB85-C0E7295F8F5A}.Release|x64.Build.0 = Release|x64
		{E46B34D1-23FF-434D-AD85-DF5E0ED821F4}.Debug|Win32.ActiveCfg = Debug|Win32
		{E46B34D1-23FF-434D-AD85-DF5E0ED821F4}.Debug|Win32.Build.0 = Debug|Win32
		{E46B34D1-23FF-434D-AD85-DF5E0ED821F4}.Debug|x64.ActiveCfg = Debug|x64
		{E46B34D1-23FF-434D-AD85-DF5E0ED821F4}.Debug|x64.Build.0 = Debug|x64
		{E46B34D1-23FF-434D-AD85-DF5E0ED821F4}.Release|Win32.ActiveCfg = Release|Win32
		{E46B34D1-23FF-434D-AD85-DF5E0ED821F4}.Release|Win32.Build.0 = Release|Win32
		{E46B34D1-23FF-434D-AD85-DF5E0ED821F4}.Release|x64.ActiveCfg = Release|x64
		{E46B34D1-23FF-434D-AD85-DF5E0ED821F4}.Release|x64.Build.0 = Release|x64
		{A5520A3C-2313-45F9-8D3B-AE05DB595AC0}.Debug|Win32.ActiveCfg = Debug|Win32
		{A5520A3C-2313-45F9-8D3B-AE05DB595AC0}.Debug|Win32.Build.0 = Debug|Win32
		{A5520A3C-2313-45F9-8D3B-AE05DB595AC0}.Debug|x64.ActiveCfg = Debug|x64
		{A5520A3C-2313-45F9-8D3B-AE05DB595AC0}.Debug|x64.Build.0 = Debug|x64
		{A5520A3C-2313-45F9-8D3B-AE05DB595AC0}.Release|Win32.ActiveCfg = Release|Win32
		{A5520A3C-2313-45F9-8D3B-AE05DB595AC0}.Release|Win32.Build.0 = Release|Win32
		{A5520A3C-2313-45F9-8D3B-AE05DB595AC0}.Release|x64.ActiveCfg = Release|x64
		{A5520A3C-2313-45F9-8D3B-AE05DB595AC0}.Release|x64.Build.0 = Release|x64
		{3F11C56C-F062-4C3A-987B-BE6929F4A7BF}.Debug|Win32.ActiveCfg = Debug|Win32
		{3F11C56C-F062-4C3A-987B-BE6929F4A7BF}.Debug|Win32.Build.0 = Debug|Win32
		{3F11C56C-F062-4C3A-987B-BE6929F4A7BF}.Debug|x64.ActiveCfg = Debug|x64
		{3F11C56C-F062-4C3A-987B-BE6929F4A7BF}.Debug|x64.Build.0 = Debug|x64
		{3F11C56C-F062-4C3A-987B-BE6929F4A7BF}.Release|Win32.ActiveCfg = Release|Win32
		{3F11C56C-F062-4C3A-987B-BE6929F4A7BF}.Release|Win32.Build.0 = Release|Win32
		{3F11C56C-F062-4C3A-987B-BE6929F4A7BF}.Release|x64.ActiveCfg = Release|x64
		{3F11C56C-F062-4C3A-987B-BE6929F4A7BF}.Release|x64.Build.0 = Release|x64
		{F0817D48-7560-4349-BE6A-3264457DD980}.Debug|Win32.ActiveCfg = Debug|Win32
		{F0817D48-7560-4349-BE6A-3264457DD980}.Debug|Win32.Build.0 = Debug|Win32
		{F0817D48-7560-4349-BE6A-3264457DD980}.Debug|x64.ActiveCfg = Debug|x64
		{F0817D48-7560-4349-BE6A-3264457DD980}.Debug|x64.Build.0 = Debug|x64
		{F0817D48-7560-4349-BE6A-3264457DD980}.Release|Win32.ActiveCfg = Release|Win32
		{F0817D48-7560-4349-BE6A-3264457DD980}.Release|Win32.Build.0 = Release|Win32
		{F0817D48-7560-4349-BE6A-3264457DD980}.Release|x64.ActiveCfg = Release|x64
		{F0817D48-7560-4349-BE6A-3264457DD980}.Release|x64.Build.0 = Release|x64
		{1ACA1AD4-A4A7-4F50-890E-180262BF109D}.Debug|Win32.ActiveCfg = Debug|Win32
		{1ACA1AD4-A4A7-4F50-890E-180262BF109D}.Debug|Win32.Build.0 = Debug|Win32
		{1ACA1AD4-A4A7-4F50-890E-180262BF109D}.Debug|x64.ActiveCfg = Debug|x64
		{1ACA1AD4-A4A7-4F50-890E-180262BF109D}.Debug|x64.Build.0 = Debug|x64
		{1ACA1AD4-A4A7-4F50-890E-180262BF109D}.Release|Win32.ActiveCfg = Release|Win32
		{1ACA1AD4-A4A7-4F50-890E-180262BF109D}.Release|Win32.Build.0 = Release|Win32
		{1ACA1AD4-A4A7-4F50-890E-180262BF109D}.Release|x64.ActiveCfg = Release|x64
		{1ACA1AD4-A4A7-4F50-890E-180262BF109D}.Release|x64.Build.0 = Release|x64
		{63D394ED-28A8-4AA0-BBB5-BC7A3EE463B3}.Debug|Win32.ActiveCfg = Debug|Win32
		{63D394ED-28A8-4AA0-BBB5-BC7A3EE463B3}.Debug|Win32.Build.0 = Debug|Win32
		{63D394ED-28A8-4AA0-BBB5-BC7A3EE463B3}.Debug|x64.ActiveCfg = Debug|x64
		{63D394ED-28A8-4AA0-BBB5-BC7A3EE463B3}.Debug|x64.Build.0 = Debug|x64
		{63D394ED-28A8-4AA0-BBB5-BC7A3EE463B3}.Release|Win32.ActiveCfg = Release|Win32
		{63D394ED-28A8-4AA0-BBB5-BC7A3EE463B3}.Release|Win32.Build.0 = Release|Win32
		{63D394ED-28A8-4AA0-BBB5-BC7A3EE463B3}.Release|x64.ActiveCfg = Release|x64
		{63D394ED-28A8-4AA0-BBB5-BC7A3EE463B3}.Release|x64.Build.0 = Release|x64
		{C26F7EBD-165C-4107-AA12-30271A8706A7}.Debug|Win32.ActiveCfg = Debug|Win32
		{C26F7EBD-165C-4107-AA12-30271A8706A7}.Debug|Win32.Build.0 = Debug|Win32
		{C26F7EBD-165C-4107-AA12-30271A8706A7}.Debug|x64.ActiveCfg = Debug|x64
		{C26F7EBD-165C-4107-AA12-30271A8706A7}.Debug|x64.Build.0 = Debug|x64
		{C26F7EBD-165C-4107-AA12-30271A8706A7}.Release|Win32.ActiveCfg = Release|Win32
		{C26F7EBD-165C-4107-AA12-30271A8706A7}.Release|Win32.Build.0 = Release|Win32
		{C26F7EBD-165C-4107-AA12-30271A8706A7}.Release|x64.ActiveCfg = Release|x64
		{C26F7EBD-165C-4107-AA12-30271A8706A7}.Release|x64.Build.0 = Release|x64
		{EB21C203-95D0-4BE1-B4FD-72A41F08D026}.Debug|Win32.ActiveCfg = Debug|Win32
		{EB21C203-95D0-4BE1-B4FD-72A41F08D026}.Debug|Win32.Build.0 = Debug|Win32
		{EB21C203-95D0-4BE1-B4FD-72A41F08D026}.Debug|x64.ActiveCfg = Debug|x64
		{EB21C203-95D0-4BE1-B4FD-72A41F08D026}.Debug|x64.Build.0 = Debug|x64
		{EB21C203-95D0-4BE1-B4FD-72A41F08D026}.Release|Win32.ActiveCfg = Release|Win32
		{EB21C203-95D0-4BE1-B4FD-72A41F08D026}.Release|Win32.Build.0 = Release|Win32
		{EB21C203-95D0-4BE1-B4FD-72A41F08D026}.Release|x64.ActiveCfg = Release|x64
		{EB21C203-95D0-4BE1-B4FD-72A41F08D026}.Release|x64.Build.0 = Release|x64
		{F17F0ED9-26AE-4BA7-8857-4570430591AC}.Debug|Win32.ActiveCfg = Debug|Win32
		{F17F0ED9-26AE-4BA7-8857-4570430591AC}.Debug|Win32.Build.0 = Debug|Win32
		{F17F0ED9-26AE-4BA7-8857-4570430591AC}.Debug|x64.ActiveCfg = Debug|x64
		{F17F0ED9-26AE-4BA7-8857-4570430591AC}.Debug|x64.Build.0 = Debug|x64
		{F17F0ED9-26AE-4BA7-8857-4570430591AC}.Release|Win32.ActiveCfg = Release|Win32
		{F17F0ED9-26AE-4BA7-8857-4570430591AC}.Release|Win32.Build.0 = Release|Win32
		{F17F0ED9-26AE-4BA7-8857-4570430591AC}.Release|x64.ActiveCfg = Release|x64
		{F17F0ED9-26AE-4BA7-8857-4570430591AC}.Release|x64.Build.0 = Release|x64
		{D346BE90-D375-4F89-BA46-2CB2DFDEFE02}.Debug|Win32.ActiveCfg = Debug|Win32
		{D346BE90-D375-4F89-BA46-2CB2DFDEFE02}.Debug|Win32.Build.0 = Debug|Win32
		{D346BE90-D375-4F89-BA46-2CB2DFDEFE02}.Debug|x64.ActiveCfg = Debug|x64
		{D346BE90-D375-4F89-BA46-2CB2DFDEFE02}.Debug|x64.Build.0 = Debug|x64
		{D346BE90-D375-4F89-BA46-2CB2DFDEFE02}.Release|Win32.ActiveCfg = Release|Win32
		{D346BE90-D375-4F89-BA46-2CB2DFDEFE02}.Release|Win32.Build.0 = Release|Win32
		{D346BE90-D375-4F89-BA46-2CB2DFDEFE02}.Release|x64.ActiveCfg = Release|x64
		{D346BE90-D375-4F89-BA46-2CB2DFDEFE02}.Release|x64.Build.0 = Release|x64
	EndGlobalSection
	GlobalSection(SolutionProperties) = preSolution
		HideSolutionNode = FALSE
	EndGlobalSection
	GlobalSection(NestedProjects) = preSolution
		{5F97E034-3D07-4FCE-9A0D-410661E3C32A} = {125E8610-3875-4CAC-A54E-1CBD717898DA}
		{EA521660-35B5-4C46-8AA0-545C78441734} = {125E8610-3875-4CAC-A54E-1CBD717898DA}
		{80844BDA-1F06-4850-83A8-DCAB973131BA} = {125E8610-3875-4CAC-A54E-1CBD717898DA}
		{27BE56EE-9E4F-483F-A3D1-FF62ABDB5C7F} = {3C103923-B14F-4CA0-AED7-A0C52BCDA272}
		{0D21F42D-19A9-426F-BDBC-A44D05D98467} = {3C103923-B14F-4CA0-AED7-A0C52BCDA272}
		{6E2B00BC-8E31-4038-BB85-C0E7295F8F5A} = {3C103923-B14F-4CA0-AED7-A0C52BCDA272}
		{E46B34D1-23FF-434D-AD85-DF5E0ED821F4} = {125E8610-3875-4CAC-A54E-1CBD717898DA}
		{F0817D48-7560-4349-BE6A-3264457DD980} = {3AD657D7-06B5-4500-972C-09435B2DCDAA}
		{1ACA1AD4-A4A7-4F50-890E-180262BF109D} = {3AD657D7-06B5-4500-972C-09435B2DCDAA}
		{63D394ED-28A8-4AA0-BBB5-BC7A3EE463B3} = {125E8610-3875-4CAC-A54E-1CBD717898DA}
		{EB21C203-95D0-4BE1-B4FD-72A41F08D026} = {3AD657D7-06B5-4500-972C-09435B2DCDAA}
		{F17F0ED9-26AE-4BA7-8857-4570430591AC} = {3AD657D7-06B5-4500-972C-09435B2DCDAA}
		{D346BE90-D375-4F89-BA46-2CB2DFDEFE02} = {3AD657D7-06B5-4500-972C-09435B2DCDAA}
	EndGlobalSection
EndGlobal
