<?xml version="1.0" encoding="utf-8"?>
<Project ToolsVersion="4.0" xmlns="http://schemas.microsoft.com/developer/msbuild/2003">
  <ItemGroup>
    <ClCompile Include="main.cpp" />
    <ClCompile Include="SocketSession.cpp" />
    <ClCompile Include="..\common\fxtimer.cpp">
      <Filter>common</Filter>
    </ClCompile>
    <ClCompile Include="..\common\log_thread.cpp">
      <Filter>common</Filter>
    </ClCompile>
    <ClCompile Include="..\common\thread.cpp">
      <Filter>common</Filter>
    </ClCompile>
    <ClCompile Include="HttpSession.cpp" />
    <ClCompile Include="..\common\utility.cpp">
      <Filter>common</Filter>
    </ClCompile>
  </ItemGroup>
  <ItemGroup>
    <ClInclude Include="SocketSession.h" />
    <ClInclude Include="HttpSession.h" />
  </ItemGroup>
  <ItemGroup>
    <Filter Include="common">
      <UniqueIdentifier>{0db51b74-153c-44c5-ac8e-be4ad8da6b68}</UniqueIdentifier>
    </Filter>
  </ItemGroup>
</Project>