<?xml version="1.0" encoding="utf-8"?>
<Project ToolsVersion="4.0" xmlns="http://schemas.microsoft.com/developer/msbuild/2003">
  <ItemGroup>
    <ClCompile Include="main.cpp" />
    <ClCompile Include="SocketSession.cpp" />
    <ClCompile Include="..\common\fxmeta.cpp">
      <Filter>common</Filter>
    </ClCompile>
    <ClCompile Include="..\common\fxtimer.cpp">
      <Filter>common</Filter>
    </ClCompile>
    <ClCompile Include="..\common\log_thread.cpp">
      <Filter>common</Filter>
    </ClCompile>
    <ClCompile Include="..\common\thread.cpp">
      <Filter>common</Filter>
    </ClCompile>
    <ClCompile Include="LuaMeta.cpp" />
  </ItemGroup>
  <ItemGroup>
    <ClInclude Include="SocketSession.h" />
    <ClInclude Include="LuaMeta.h" />
  </ItemGroup>
  <ItemGroup>
    <Filter Include="common">
      <UniqueIdentifier>{a2a30d72-86f2-4254-bc3c-111da5c8ec25}</UniqueIdentifier>
    </Filter>
  </ItemGroup>
</Project>