<?xml version="1.0" encoding="utf-8"?>
<Project ToolsVersion="4.0" xmlns="http://schemas.microsoft.com/developer/msbuild/2003">
  <ItemGroup>
    <Filter Include="资源文件">
      <UniqueIdentifier>{67DA6AB6-F800-4c08-8B7A-83BB121AAD01}</UniqueIdentifier>
      <Extensions>rc;ico;cur;bmp;dlg;rc2;rct;bin;rgs;gif;jpg;jpeg;jpe;resx;tiff;tif;png;wav;mfcribbon-ms</Extensions>
    </Filter>
    <Filter Include="common">
      <UniqueIdentifier>{7de4c4ad-22c1-465e-9e8f-1bb81453d9c1}</UniqueIdentifier>
    </Filter>
  </ItemGroup>
  <ItemGroup>
    <ClCompile Include="..\common\fxmeta.cpp">
      <Filter>common</Filter>
    </ClCompile>
    <ClCompile Include="..\common\fxtimer.cpp">
      <Filter>common</Filter>
    </ClCompile>
    <ClCompile Include="..\common\log_thread.cpp">
      <Filter>common</Filter>
    </ClCompile>
    <ClCompile Include="..\common\lua_engine.cpp">
      <Filter>common</Filter>
    </ClCompile>
    <ClCompile Include="..\common\thread.cpp">
      <Filter>common</Filter>
    </ClCompile>
    <ClCompile Include="LuaMeta.cpp" />
    <ClCompile Include="main.cpp" />
    <ClCompile Include="SocketSession.cpp" />
    <ClCompile Include="ChatServer.cpp" />
    <ClCompile Include="GameSession.cpp" />
    <ClCompile Include="ChatServerSession.cpp" />
    <ClCompile Include="ChatSession.cpp" />
    <ClCompile Include="utility.cpp" />
    <ClCompile Include="ChatManagerSession.cpp" />
  </ItemGroup>
  <ItemGroup>
    <ClInclude Include="LuaMeta.h" />
    <ClInclude Include="SocketSession.h" />
    <ClInclude Include="ChatServer.h" />
    <ClInclude Include="GameSession.h" />
    <ClInclude Include="ChatServerSession.h" />
    <ClInclude Include="ChatSession.h" />
    <ClInclude Include="utility.h" />
    <ClInclude Include="ChatManagerSession.h" />
  </ItemGroup>
</Project>